schema: '2.0'
stages:
  train_model:
    cmd: python src/train.py --config params.yaml
    deps:
    - path: notebooks/data/processed
      hash: md5
      md5: 0f4ad19be8859fabf3120c4c340c48e9.dir
      size: 35759354
      nfiles: 306
    - path: src/data.py
      hash: md5
      md5: 13b58ebee815ca3b342a1dbe5cbae7f9
      size: 5204
    - path: src/models.py
      hash: md5
      md5: 650fdaa8074691ed6c945f830c0f80a7
      size: 1966
    - path: src/train.py
      hash: md5
      md5: 15a900dabb2c060ddf01c0bcdeac8595
      size: 6329
    - path: src/utils.py
      hash: md5
      md5: 9a9c7989fea027f4454c3b53104125cd
      size: 4844
    params:
      params.yaml:
        augmentation:
          brightness_range:
          - 0.85
          - 1.15
          contrast_range:
          - 0.9
          - 1.1
          saturation_range:
          - 0.9
          - 1.1
          hue_range:
          - -0.05
          - 0.05
          rotation_degrees: 10
          random_resized_crop: true
        data:
          batch_size: 8
          img_size: 224
          num_classes: 6
        loss:
          label_smoothing: 0.05
        model:
          name: efficientnet_b0
          dropout_rate: 0.3
          freeze_backbone: false
        optimizer:
          name: AdamW
          weight_decay: 0.01
        scheduler:
          name: ReduceLROnPlateau
          mode: max
          factor: 0.5
          patience: 10
          min_lr: 1e-06
        training:
          lr: 0.0003
          epochs: 90
          gradient_clip: 1.0
          unfreeze_epoch: 10
          patience: 20
          min_epochs: 50
    outs:
    - path: metrics/train_metrics.json
      hash: md5
      md5: a050fd35a884110f762b400f0baf99c2
      size: 228
    - path: models/best_model.pth
      hash: md5
      md5: 1127b59a46f12c72fe210c3e9d9f2572
      size: 56496157
    - path: models/training_history.pth
      hash: md5
      md5: 1c18cc08200f31704c6e109c17bbb56b
      size: 3235
    - path: plots/training_history.png
      hash: md5
      md5: 55748c87ab9f1f0ff9e31f3254b64da6
      size: 264389
  evaluate:
    cmd: python src/evaluate.py --model models/best_model.pth
    deps:
    - path: models/best_model.pth
      hash: md5
      md5: 2b9e630e3ed9d9c4c911b488353b1467
      size: 56495965
    - path: notebooks/data/processed/swans_dataset
      hash: md5
      md5: ac22667b2a1abaf2b74c62d2497071ee.dir
      size: 35759221
      nfiles: 304
    - path: src/evaluate.py
      hash: md5
      md5: e99470b1890fa807dbad887b68368710
      size: 3368
    outs:
    - path: metrics/evaluation.json
      hash: md5
      md5: d22df859bfe9621d2813bb62b2aba3ea
      size: 2002
    - path: plots/confusion_matrix.png
      hash: md5
      md5: 6e9231fdfcb92e1afb40168d490babfe
      size: 173189
  web:
    cmd: streamlit run src/web.py
    deps:
    - path: models/best_model.pth
      hash: md5
      md5: addb5dc853ede67edebe3115a60bfd47
      size: 56496349
    - path: params.yaml
      hash: md5
      md5: 9d25ffa677baad1ebe0eab2be3a0a1d6
      size: 778
    - path: src/web.py
      hash: md5
      md5: d76215c689d2f96e09479db940c1f4b9
      size: 2821
