schema: '2.0'
stages:
  train_model:
    cmd: python src/train.py --config params.yaml
    deps:
    - path: notebooks/data/processed
      hash: md5
      md5: 0f4ad19be8859fabf3120c4c340c48e9.dir
      size: 35759354
      nfiles: 306
    - path: src/data.py
      hash: md5
      md5: 39013d3baaf198d302ff3b19d19b56a6
      size: 3705
    - path: src/models.py
      hash: md5
      md5: 3b953a8466c7d8aeec72b13ba29bcea0
      size: 6411
    - path: src/train.py
      hash: md5
      md5: 8109e1fe79e25662b9f5642780af0cfd
      size: 5998
    - path: src/utils.py
      hash: md5
      md5: 0fe211744d1d076279ec1d2e3687ef82
      size: 4922
    params:
      params.yaml:
        augmentation:
          magnitude: 5
          num_ops: 2
          use_randaugment: false
        data:
          batch_size: 8
          img_size: 224
          num_classes: 6
        loss:
          label_smoothing: 0.1
        model:
          name: efficientnet_b0
          from_huggingface: false
          freeze_backbone: true
          dropout_rate: 0.2
        optimizer:
          name: AdamW
          weight_decay: 0.01
        scheduler:
          T_max: 80
          name: CosineAnnealingLR
        training:
          epochs: 50
          gradient_clip: 1.0
          lr: 0.001
          unfreeze_epoch: 2
          patience: 10
          min_epochs: 15
    outs:
    - path: metrics/train_metrics.json
      hash: md5
      md5: c520605fcd09bf7472a86e74c55513f5
      size: 217
    - path: models/best_model.pth
      hash: md5
      md5: c18cbd817aec3d548a7d566984bc197b
      size: 56495965
    - path: models/training_history.pth
      hash: md5
      md5: 30bf746c0cb15ebc7f23a4c01b456875
      size: 2531
    - path: plots/training_history.png
      hash: md5
      md5: b2dd115afd601e1db0b65d0c24386acc
      size: 260650
  evaluate:
    cmd: python src/evaluate.py --model models/best_model.pth
    deps:
    - path: models/best_model.pth
      hash: md5
      md5: 1d33a6681519c740683157b04963f761
      size: 56495965
    - path: notebooks/data/processed/swans_dataset
      hash: md5
      md5: ac22667b2a1abaf2b74c62d2497071ee.dir
      size: 35759221
      nfiles: 304
    - path: src/evaluate.py
      hash: md5
      md5: 959a58e4a9a248925aca999544e6debf
      size: 3150
    outs:
    - path: metrics/evaluation.json
      hash: md5
      md5: 4b5eff267c9e5e34aa13daee0107a129
      size: 1970
    - path: plots/confusion_matrix.png
      hash: md5
      md5: 255ff9dd73709d49c0d449edea54ae6c
      size: 171519
