schema: '2.0'
stages:
  train_model:
    cmd: python src/train.py --config params.yaml
    deps:
    - path: notebooks/data/processed
      hash: md5
      md5: 0f4ad19be8859fabf3120c4c340c48e9.dir
      size: 35759354
      nfiles: 306
    - path: src/data.py
      hash: md5
      md5: 932e504ee880f6b27764da143551374f
      size: 5387
    - path: src/models.py
      hash: md5
      md5: b1d082ddea04efc5230e7b2547f8419e
      size: 7114
    - path: src/train.py
      hash: md5
      md5: b3a6dc65710f87c6ad4403ce8f6b7e46
      size: 8179
    - path: src/utils.py
      hash: md5
      md5: 16e540cfc68a4a5c88f582f7c7b36756
      size: 6612
    params:
      params.yaml:
        augmentation:
          brightness_range:
          - 0.85
          - 1.15
          contrast_range:
          - 0.9
          - 1.1
          saturation_range:
          - 0.9
          - 1.1
          hue_range:
          - -0.05
          - 0.05
          rotation_degrees: 10
          horizontal_flip: true
          vertical_flip: false
          mixup_alpha: 0.0
          cutmix_alpha: 0.0
          apply_mixup_cutmix_prob: 0.0
        data:
          batch_size: 8
          img_size: 224
          num_classes: 6
        loss:
          use_focal_loss: false
          label_smoothing: 0.05
        model:
          name: efficientnet_b0
          dropout_rate: 0.3
          freeze_backbone: false
        optimizer:
          name: AdamW
          weight_decay: 0.01
        scheduler:
          name: ReduceLROnPlateau
          mode: max
          factor: 0.5
          patience: 10
          min_lr: 1e-06
        training:
          lr: 0.0003
          epochs: 90
          gradient_clip: 1.0
          unfreeze_epoch: 10
          patience: 20
          min_epochs: 50
    outs:
    - path: metrics/train_metrics.json
      hash: md5
      md5: ce9e1e709b954e5b762756ff66bf945a
      size: 230
    - path: models/best_model.pth
      hash: md5
      md5: ebb075ffe9851ac2fb3d29a692f7e9fc
      size: 56496349
    - path: models/training_history.pth
      hash: md5
      md5: 0a9e0287b21d7a9c76bc1add4d2ba4e2
      size: 3235
    - path: plots/training_history.png
      hash: md5
      md5: 8b668687f9cf44159be2791f4320330b
      size: 268767
  evaluate:
    cmd: python src/evaluate.py --model models/best_model.pth
    deps:
    - path: models/best_model.pth
      hash: md5
      md5: 2b9e630e3ed9d9c4c911b488353b1467
      size: 56495965
    - path: notebooks/data/processed/swans_dataset
      hash: md5
      md5: ac22667b2a1abaf2b74c62d2497071ee.dir
      size: 35759221
      nfiles: 304
    - path: src/evaluate.py
      hash: md5
      md5: e99470b1890fa807dbad887b68368710
      size: 3368
    outs:
    - path: metrics/evaluation.json
      hash: md5
      md5: d22df859bfe9621d2813bb62b2aba3ea
      size: 2002
    - path: plots/confusion_matrix.png
      hash: md5
      md5: 6e9231fdfcb92e1afb40168d490babfe
      size: 173189
