schema: '2.0'
stages:
  train_model:
    cmd: python src/train.py --config params.yaml
    deps:
    - path: notebooks/data/processed
      hash: md5
      md5: 0f4ad19be8859fabf3120c4c340c48e9.dir
      size: 35759354
      nfiles: 306
    - path: src/data.py
      hash: md5
      md5: de57d2af4ccc5fa7c448e977449244b1
      size: 3947
    - path: src/models.py
      hash: md5
      md5: 1eef9cfd628e9115e32d3616ae1ab03b
      size: 3921
    - path: src/train.py
      hash: md5
      md5: 4c84e18e45f3912929d223e12fa34218
      size: 7443
    - path: src/utils.py
      hash: md5
      md5: 429c611b25e9620f20d35e1ba3a2be53
      size: 4382
    params:
      params.yaml:
        augmentation:
          magnitude: 12
          num_ops: 3
          use_randaugment: true
        data:
          batch_size: 16
          img_size: 224
          num_classes: 6
        loss:
          label_smoothing: 0.05
        model:
          dropout_rate: 0.3
          freeze_backbone: true
          name: mobilenet_v2
        optimizer:
          name: AdamW
          weight_decay: 0.001
        scheduler:
          T_max: 80
          name: CosineAnnealingLR
        training:
          epochs: 80
          gradient_clip: 1.0
          lr: 0.0003
          min_epochs: 20
          patience: 15
          unfreeze_epoch: 20
    outs:
    - path: metrics/train_metrics.json
      hash: md5
      md5: ac6697d41ff0c6e0147e9dbcd36ee395
      size: 255
    - path: models/best_model.pth
      hash: md5
      md5: 5bf572d3aff4dcfdfc394401d6965d12
      size: 34992568
    - path: models/training_history.pth
      hash: md5
      md5: f67feb299df51db8a549543ca035bef2
      size: 4323
    - path: plots/training_history.png
      hash: md5
      md5: 6d46088645638efb5f63bf588512b1b5
      size: 311524
  evaluate:
    cmd: python src/evaluate.py --model models/best_model.pth
    deps:
    - path: models/best_model.pth
      hash: md5
      md5: 5bf572d3aff4dcfdfc394401d6965d12
      size: 34992568
    - path: notebooks/data/processed/swans_dataset
      hash: md5
      md5: ac22667b2a1abaf2b74c62d2497071ee.dir
      size: 35759221
      nfiles: 304
    - path: src/evaluate.py
      hash: md5
      md5: 959a58e4a9a248925aca999544e6debf
      size: 3150
    outs:
    - path: metrics/evaluation.json
      hash: md5
      md5: 24c00282e4956c7429e4d3692aafb807
      size: 1941
    - path: plots/confusion_matrix.png
      hash: md5
      md5: 22314c94a36e991894e80ba64ea54277
      size: 171187
